
Microsoft Visual Studio Solution File, Format Version 12.00
# Visual Studio Version 16
VisualStudioVersion = 16.0.32510.428
MinimumVisualStudioVersion = 10.0.40219.1
Project("{FAE04EC0-301F-11D3-BF4B-00C04F79EFBC}") = "webTest1", "webTest1\webTest1.csproj", "{80FB7E46-9496-47FB-B29A-6E922A136E32}"
EndProject
Global
	GlobalSection(SolutionConfigurationPlatforms) = preSolution
		Debug|Any CPU = Debug|Any CPU
		Release|Any CPU = Release|Any CPU
	EndGlobalSection
	GlobalSection(ProjectConfigurationPlatforms) = postSolution
		{80FB7E46-9496-47FB-B29A-6E922A136E32}.Debug|Any CPU.ActiveCfg = Debug|Any CPU
		{80FB7E46-9496-47FB-B29A-6E922A136E32}.Debug|Any CPU.Build.0 = Debug|Any CPU
		{80FB7E46-9496-47FB-B29A-6E922A136E32}.Release|Any CPU.ActiveCfg = Release|Any CPU
		{80FB7E46-9496-47FB-B29A-6E922A136E32}.Release|Any CPU.Build.0 = Release|Any CPU
	EndGlobalSection
	GlobalSection(SolutionProperties) = preSolution
		HideSolutionNode = FALSE
	EndGlobalSection
	GlobalSection(ExtensibilityGlobals) = postSolution
		SolutionGuid = {C830A6CC-FDCD-4AC5-8AE5-E49E4095CAC2}
	EndGlobalSection
EndGlobal
